
Microsoft Visual Studio Solution File, Format Version 12.00
# Visual Studio 15
VisualStudioVersion = 15.0.26430.14
MinimumVisualStudioVersion = 10.0.40219.1
Project("{9A19103F-16F7-4668-BE54-9A1E7A4F7556}") = "Take.Blip.Client", "Take.Blip.Client\Take.Blip.Client.csproj", "{C10F4D3E-1B45-44C2-B25B-8785A89B67DC}"
EndProject
Project("{2150E333-8FDC-42A3-9474-1A3956D46DE8}") = "Samples", "Samples", "{9A7ECD2D-523B-47A2-B905-88407B124192}"
EndProject
Project("{9A19103F-16F7-4668-BE54-9A1E7A4F7556}") = "Navigation", "Samples\Navigation\Navigation.csproj", "{F00D45F1-1380-4D18-B6D7-E6587536A44E}"
EndProject
Project("{9A19103F-16F7-4668-BE54-9A1E7A4F7556}") = "Take.Blip.Client.ConsoleHost", "Take.Blip.Client.ConsoleHost\Take.Blip.Client.ConsoleHost.csproj", "{DC49032B-A7E5-421A-866B-2B5D226EF11C}"
EndProject
Project("{2150E333-8FDC-42A3-9474-1A3956D46DE8}") = "Templates", "Templates", "{D04C4C36-8D2F-42EB-8D33-B221495DBFE2}"
	ProjectSection(SolutionItems) = preProject
		InstallTemplates.md = InstallTemplates.md
		Templates\Take.Blip.Client.ConsoleTemplate.nuspec = Templates\Take.Blip.Client.ConsoleTemplate.nuspec
	EndProjectSection
EndProject
Project("{9A19103F-16F7-4668-BE54-9A1E7A4F7556}") = "Take.Blip.Client.ConsoleTemplate", "Templates\Take.Blip.Client.ConsoleTemplate\Take.Blip.Client.ConsoleTemplate.csproj", "{9758D0C5-C9E1-446D-A660-ECAAF3BE30F1}"
EndProject
Project("{9A19103F-16F7-4668-BE54-9A1E7A4F7556}") = "Programmatically", "Samples\Programmatically\Programmatically.csproj", "{DCAAB449-D608-4945-8453-A4098F74978E}"
EndProject
Project("{FAE04EC0-301F-11D3-BF4B-00C04F79EFBC}") = "ClassLibrary", "Samples\ClassLibrary\ClassLibrary\ClassLibrary.csproj", "{698464DE-1B8B-4CC9-A0FE-93DE7871BACC}"
EndProject
Global
	GlobalSection(SolutionConfigurationPlatforms) = preSolution
		Debug|Any CPU = Debug|Any CPU
		Release|Any CPU = Release|Any CPU
	EndGlobalSection
	GlobalSection(ProjectConfigurationPlatforms) = postSolution
		{C10F4D3E-1B45-44C2-B25B-8785A89B67DC}.Debug|Any CPU.ActiveCfg = Debug|Any CPU
		{C10F4D3E-1B45-44C2-B25B-8785A89B67DC}.Debug|Any CPU.Build.0 = Debug|Any CPU
		{C10F4D3E-1B45-44C2-B25B-8785A89B67DC}.Release|Any CPU.ActiveCfg = Release|Any CPU
		{C10F4D3E-1B45-44C2-B25B-8785A89B67DC}.Release|Any CPU.Build.0 = Release|Any CPU
		{F00D45F1-1380-4D18-B6D7-E6587536A44E}.Debug|Any CPU.ActiveCfg = Debug|Any CPU
		{F00D45F1-1380-4D18-B6D7-E6587536A44E}.Debug|Any CPU.Build.0 = Debug|Any CPU
		{F00D45F1-1380-4D18-B6D7-E6587536A44E}.Release|Any CPU.ActiveCfg = Release|Any CPU
		{F00D45F1-1380-4D18-B6D7-E6587536A44E}.Release|Any CPU.Build.0 = Release|Any CPU
		{DC49032B-A7E5-421A-866B-2B5D226EF11C}.Debug|Any CPU.ActiveCfg = Debug|Any CPU
		{DC49032B-A7E5-421A-866B-2B5D226EF11C}.Debug|Any CPU.Build.0 = Debug|Any CPU
		{DC49032B-A7E5-421A-866B-2B5D226EF11C}.Release|Any CPU.ActiveCfg = Release|Any CPU
		{DC49032B-A7E5-421A-866B-2B5D226EF11C}.Release|Any CPU.Build.0 = Release|Any CPU
		{9758D0C5-C9E1-446D-A660-ECAAF3BE30F1}.Debug|Any CPU.ActiveCfg = Debug|Any CPU
		{9758D0C5-C9E1-446D-A660-ECAAF3BE30F1}.Debug|Any CPU.Build.0 = Debug|Any CPU
		{9758D0C5-C9E1-446D-A660-ECAAF3BE30F1}.Release|Any CPU.ActiveCfg = Release|Any CPU
		{9758D0C5-C9E1-446D-A660-ECAAF3BE30F1}.Release|Any CPU.Build.0 = Release|Any CPU
		{DCAAB449-D608-4945-8453-A4098F74978E}.Debug|Any CPU.ActiveCfg = Debug|Any CPU
		{DCAAB449-D608-4945-8453-A4098F74978E}.Debug|Any CPU.Build.0 = Debug|Any CPU
		{DCAAB449-D608-4945-8453-A4098F74978E}.Release|Any CPU.ActiveCfg = Release|Any CPU
		{DCAAB449-D608-4945-8453-A4098F74978E}.Release|Any CPU.Build.0 = Release|Any CPU
		{698464DE-1B8B-4CC9-A0FE-93DE7871BACC}.Debug|Any CPU.ActiveCfg = Debug|Any CPU
		{698464DE-1B8B-4CC9-A0FE-93DE7871BACC}.Debug|Any CPU.Build.0 = Debug|Any CPU
		{698464DE-1B8B-4CC9-A0FE-93DE7871BACC}.Release|Any CPU.ActiveCfg = Release|Any CPU
		{698464DE-1B8B-4CC9-A0FE-93DE7871BACC}.Release|Any CPU.Build.0 = Release|Any CPU
	EndGlobalSection
	GlobalSection(SolutionProperties) = preSolution
		HideSolutionNode = FALSE
	EndGlobalSection
	GlobalSection(NestedProjects) = preSolution
		{F00D45F1-1380-4D18-B6D7-E6587536A44E} = {9A7ECD2D-523B-47A2-B905-88407B124192}
		{9758D0C5-C9E1-446D-A660-ECAAF3BE30F1} = {D04C4C36-8D2F-42EB-8D33-B221495DBFE2}
		{DCAAB449-D608-4945-8453-A4098F74978E} = {9A7ECD2D-523B-47A2-B905-88407B124192}
		{698464DE-1B8B-4CC9-A0FE-93DE7871BACC} = {9A7ECD2D-523B-47A2-B905-88407B124192}
	EndGlobalSection
EndGlobal
