
Microsoft Visual Studio Solution File, Format Version 12.00
# Visual Studio 15
VisualStudioVersion = 15.0.26430.14
MinimumVisualStudioVersion = 10.0.40219.1
Project("{9A19103F-16F7-4668-BE54-9A1E7A4F7556}") = "Take.Blip.Client", "Take.Blip.Client\Take.Blip.Client.csproj", "{C10F4D3E-1B45-44C2-B25B-8785A89B67DC}"
EndProject
Project("{9A19103F-16F7-4668-BE54-9A1E7A4F7556}") = "Take.Blip.Client.Sample", "Take.Blip.Client.Sample\Take.Blip.Client.Sample.csproj", "{067EC865-E230-4DB3-87FD-EFE0D4210020}"
EndProject
Project("{2150E333-8FDC-42A3-9474-1A3956D46DE8}") = "Samples", "Samples", "{9A7ECD2D-523B-47A2-B905-88407B124192}"
EndProject
Project("{9A19103F-16F7-4668-BE54-9A1E7A4F7556}") = "Navigation", "Samples\Navigation\Navigation.csproj", "{F00D45F1-1380-4D18-B6D7-E6587536A44E}"
EndProject
Project("{9A19103F-16F7-4668-BE54-9A1E7A4F7556}") = "Take.Blip.Client.ConsoleTemplate", "Take.Blip.Client.ConsoleTemplate\Take.Blip.Client.ConsoleTemplate.csproj", "{92776619-AFEF-49D6-B6A9-C7248A1D9338}"
EndProject
Project("{9A19103F-16F7-4668-BE54-9A1E7A4F7556}") = "Take.Blip.Client.ConsoleHost", "Take.Blip.Client.ConsoleHost\Take.Blip.Client.ConsoleHost.csproj", "{DC49032B-A7E5-421A-866B-2B5D226EF11C}"
EndProject
Global
	GlobalSection(SolutionConfigurationPlatforms) = preSolution
		Debug|Any CPU = Debug|Any CPU
		Release|Any CPU = Release|Any CPU
	EndGlobalSection
	GlobalSection(ProjectConfigurationPlatforms) = postSolution
		{C10F4D3E-1B45-44C2-B25B-8785A89B67DC}.Debug|Any CPU.ActiveCfg = Debug|Any CPU
		{C10F4D3E-1B45-44C2-B25B-8785A89B67DC}.Debug|Any CPU.Build.0 = Debug|Any CPU
		{C10F4D3E-1B45-44C2-B25B-8785A89B67DC}.Release|Any CPU.ActiveCfg = Release|Any CPU
		{C10F4D3E-1B45-44C2-B25B-8785A89B67DC}.Release|Any CPU.Build.0 = Release|Any CPU
		{067EC865-E230-4DB3-87FD-EFE0D4210020}.Debug|Any CPU.ActiveCfg = Debug|Any CPU
		{067EC865-E230-4DB3-87FD-EFE0D4210020}.Debug|Any CPU.Build.0 = Debug|Any CPU
		{067EC865-E230-4DB3-87FD-EFE0D4210020}.Release|Any CPU.ActiveCfg = Release|Any CPU
		{067EC865-E230-4DB3-87FD-EFE0D4210020}.Release|Any CPU.Build.0 = Release|Any CPU
		{F00D45F1-1380-4D18-B6D7-E6587536A44E}.Debug|Any CPU.ActiveCfg = Debug|Any CPU
		{F00D45F1-1380-4D18-B6D7-E6587536A44E}.Debug|Any CPU.Build.0 = Debug|Any CPU
		{F00D45F1-1380-4D18-B6D7-E6587536A44E}.Release|Any CPU.ActiveCfg = Release|Any CPU
		{F00D45F1-1380-4D18-B6D7-E6587536A44E}.Release|Any CPU.Build.0 = Release|Any CPU
		{92776619-AFEF-49D6-B6A9-C7248A1D9338}.Debug|Any CPU.ActiveCfg = Debug|Any CPU
		{92776619-AFEF-49D6-B6A9-C7248A1D9338}.Debug|Any CPU.Build.0 = Debug|Any CPU
		{92776619-AFEF-49D6-B6A9-C7248A1D9338}.Release|Any CPU.ActiveCfg = Release|Any CPU
		{92776619-AFEF-49D6-B6A9-C7248A1D9338}.Release|Any CPU.Build.0 = Release|Any CPU
		{DC49032B-A7E5-421A-866B-2B5D226EF11C}.Debug|Any CPU.ActiveCfg = Debug|Any CPU
		{DC49032B-A7E5-421A-866B-2B5D226EF11C}.Debug|Any CPU.Build.0 = Debug|Any CPU
		{DC49032B-A7E5-421A-866B-2B5D226EF11C}.Release|Any CPU.ActiveCfg = Release|Any CPU
		{DC49032B-A7E5-421A-866B-2B5D226EF11C}.Release|Any CPU.Build.0 = Release|Any CPU
	EndGlobalSection
	GlobalSection(SolutionProperties) = preSolution
		HideSolutionNode = FALSE
	EndGlobalSection
	GlobalSection(NestedProjects) = preSolution
		{F00D45F1-1380-4D18-B6D7-E6587536A44E} = {9A7ECD2D-523B-47A2-B905-88407B124192}
	EndGlobalSection
EndGlobal
